
Microsoft Visual Studio Solution File, Format Version 12.00
# Visual Studio 2013
VisualStudioVersion = 12.0.30203.2
MinimumVisualStudioVersion = 10.0.40219.1
Project("{FAE04EC0-301F-11D3-BF4B-00C04F79EFBC}") = "Creobe.VoiceMemos", "Creobe.VoiceMemos\Creobe.VoiceMemos.csproj", "{89599822-4E57-4B65-839F-818657C5D58A}"
EndProject
Project("{FAE04EC0-301F-11D3-BF4B-00C04F79EFBC}") = "Creobe.VoiceMemos.Core", "Creobe.VoiceMemos.Core\Creobe.VoiceMemos.Core.csproj", "{C1D10216-9018-4D09-96BC-C4BC45A47893}"
EndProject
Project("{FAE04EC0-301F-11D3-BF4B-00C04F79EFBC}") = "Creobe.VoiceMemos.Models", "Creobe.VoiceMemos.Models\Creobe.VoiceMemos.Models.csproj", "{352B2BED-05F9-4E1E-AD9F-DD4BA400A659}"
EndProject
Project("{FAE04EC0-301F-11D3-BF4B-00C04F79EFBC}") = "Creobe.VoiceMemos.Data", "Creobe.VoiceMemos.Data\Creobe.VoiceMemos.Data.csproj", "{30E47658-E0CF-4BF0-B681-1047D832A778}"
EndProject
Project("{FAE04EC0-301F-11D3-BF4B-00C04F79EFBC}") = "Creobe.VoiceMemos.Media", "Creobe.VoiceMemos.Media\Creobe.VoiceMemos.Media.csproj", "{3B6205C6-9B65-48AC-B3A9-FEE65879C660}"
EndProject
Project("{FAE04EC0-301F-11D3-BF4B-00C04F79EFBC}") = "Creobe.VoiceMemos.Controls", "Creobe.VoiceMemos.Controls\Creobe.VoiceMemos.Controls.csproj", "{367808C3-1CEA-4F39-9C78-F9031D636951}"
EndProject
Project("{FAE04EC0-301F-11D3-BF4B-00C04F79EFBC}") = "Creobe.VoiceMemos.Media.PlaybackAgent", "Creobe.VoiceMemos.Media.PlaybackAgent\Creobe.VoiceMemos.Media.PlaybackAgent.csproj", "{6D7DB420-7854-4A84-A6BE-7B2188E2BD4D}"
EndProject
Project("{8BC9CEB8-8B4A-11D0-8D11-00A0C91BC942}") = "Creobe.VoiceMemos.Media.Wasapi", "Creobe.VoiceMemos.Media.Wasapi\Creobe.VoiceMemos.Media.Wasapi.vcxproj", "{6C6331B9-2C24-4456-B25A-6F0DF6A0DF7A}"
EndProject
Project("{2150E333-8FDC-42A3-9474-1A3956D46DE8}") = "Solution Items", "Solution Items", "{C86CA541-01C5-4476-BA72-E63007627E91}"
	ProjectSection(SolutionItems) = preProject
		SharedAssemblyInfo.cs = SharedAssemblyInfo.cs
	EndProjectSection
EndProject
Project("{8BC9CEB8-8B4A-11D0-8D11-00A0C91BC942}") = "Creobe.VoiceMemos.Media.Lame", "Creobe.VoiceMemos.Media.Lame\Creobe.VoiceMemos.Media.Lame.vcxproj", "{18F31784-2B29-4004-AE0A-5E8CCE74A912}"
EndProject
Global
	GlobalSection(TeamFoundationVersionControl) = preSolution
		SccNumberOfProjects = 10
		SccEnterpriseProvider = {4CA58AB2-18FA-4F8D-95D4-32DDF27D184C}
		SccTeamFoundationServer = https://creobe-tfs.visualstudio.com/defaultcollection
		SccLocalPath0 = .
		SccProjectUniqueName1 = Creobe.VoiceMemos.Controls\\Creobe.VoiceMemos.Controls.csproj
		SccProjectName1 = Creobe.VoiceMemos.Controls
		SccLocalPath1 = Creobe.VoiceMemos.Controls
		SccProjectUniqueName2 = Creobe.VoiceMemos.Core\\Creobe.VoiceMemos.Core.csproj
		SccProjectName2 = Creobe.VoiceMemos.Core
		SccLocalPath2 = Creobe.VoiceMemos.Core
		SccProjectUniqueName3 = Creobe.VoiceMemos.Data\\Creobe.VoiceMemos.Data.csproj
		SccProjectName3 = Creobe.VoiceMemos.Data
		SccLocalPath3 = Creobe.VoiceMemos.Data
		SccProjectUniqueName4 = Creobe.VoiceMemos.Media.Lame\\Creobe.VoiceMemos.Media.Lame.vcxproj
		SccProjectName4 = Creobe.VoiceMemos.Media.Lame
		SccLocalPath4 = Creobe.VoiceMemos.Media.Lame
		SccProjectUniqueName5 = Creobe.VoiceMemos.Media.PlaybackAgent\\Creobe.VoiceMemos.Media.PlaybackAgent.csproj
		SccProjectName5 = Creobe.VoiceMemos.Media.PlaybackAgent
		SccLocalPath5 = Creobe.VoiceMemos.Media.PlaybackAgent
		SccProjectUniqueName6 = Creobe.VoiceMemos.Media.Wasapi\\Creobe.VoiceMemos.Media.Wasapi.vcxproj
		SccProjectName6 = Creobe.VoiceMemos.Media.Wasapi
		SccLocalPath6 = Creobe.VoiceMemos.Media.Wasapi
		SccProjectUniqueName7 = Creobe.VoiceMemos.Media\\Creobe.VoiceMemos.Media.csproj
		SccProjectName7 = Creobe.VoiceMemos.Media
		SccLocalPath7 = Creobe.VoiceMemos.Media
		SccProjectUniqueName8 = Creobe.VoiceMemos.Models\\Creobe.VoiceMemos.Models.csproj
		SccProjectName8 = Creobe.VoiceMemos.Models
		SccLocalPath8 = Creobe.VoiceMemos.Models
		SccProjectUniqueName9 = Creobe.VoiceMemos\\Creobe.VoiceMemos.csproj
		SccProjectName9 = Creobe.VoiceMemos
		SccLocalPath9 = Creobe.VoiceMemos
	EndGlobalSection
	GlobalSection(SolutionConfigurationPlatforms) = preSolution
		Beta - Debug|Any CPU = Beta - Debug|Any CPU
		Beta - Debug|ARM = Beta - Debug|ARM
		Beta - Debug|Mixed Platforms = Beta - Debug|Mixed Platforms
		Beta - Debug|Win32 = Beta - Debug|Win32
		Beta - Debug|x86 = Beta - Debug|x86
		Beta - Release|Any CPU = Beta - Release|Any CPU
		Beta - Release|ARM = Beta - Release|ARM
		Beta - Release|Mixed Platforms = Beta - Release|Mixed Platforms
		Beta - Release|Win32 = Beta - Release|Win32
		Beta - Release|x86 = Beta - Release|x86
		Debug|Any CPU = Debug|Any CPU
		Debug|ARM = Debug|ARM
		Debug|Mixed Platforms = Debug|Mixed Platforms
		Debug|Win32 = Debug|Win32
		Debug|x86 = Debug|x86
		Release|Any CPU = Release|Any CPU
		Release|ARM = Release|ARM
		Release|Mixed Platforms = Release|Mixed Platforms
		Release|Win32 = Release|Win32
		Release|x86 = Release|x86
	EndGlobalSection
	GlobalSection(ProjectConfigurationPlatforms) = postSolution
		{89599822-4E57-4B65-839F-818657C5D58A}.Beta - Debug|Any CPU.ActiveCfg = Beta - Debug|Any CPU
		{89599822-4E57-4B65-839F-818657C5D58A}.Beta - Debug|Any CPU.Build.0 = Beta - Debug|Any CPU
		{89599822-4E57-4B65-839F-818657C5D58A}.Beta - Debug|Any CPU.Deploy.0 = Beta - Debug|Any CPU
		{89599822-4E57-4B65-839F-818657C5D58A}.Beta - Debug|ARM.ActiveCfg = Beta - Debug|ARM
		{89599822-4E57-4B65-839F-818657C5D58A}.Beta - Debug|ARM.Build.0 = Beta - Debug|ARM
		{89599822-4E57-4B65-839F-818657C5D58A}.Beta - Debug|ARM.Deploy.0 = Beta - Debug|ARM
		{89599822-4E57-4B65-839F-818657C5D58A}.Beta - Debug|Mixed Platforms.ActiveCfg = Beta - Debug|x86
		{89599822-4E57-4B65-839F-818657C5D58A}.Beta - Debug|Mixed Platforms.Build.0 = Beta - Debug|x86
		{89599822-4E57-4B65-839F-818657C5D58A}.Beta - Debug|Mixed Platforms.Deploy.0 = Beta - Debug|x86
		{89599822-4E57-4B65-839F-818657C5D58A}.Beta - Debug|Win32.ActiveCfg = Beta - Debug|x86
		{89599822-4E57-4B65-839F-818657C5D58A}.Beta - Debug|Win32.Build.0 = Beta - Debug|x86
		{89599822-4E57-4B65-839F-818657C5D58A}.Beta - Debug|Win32.Deploy.0 = Beta - Debug|x86
		{89599822-4E57-4B65-839F-818657C5D58A}.Beta - Debug|x86.ActiveCfg = Beta - Debug|x86
		{89599822-4E57-4B65-839F-818657C5D58A}.Beta - Debug|x86.Build.0 = Beta - Debug|x86
		{89599822-4E57-4B65-839F-818657C5D58A}.Beta - Debug|x86.Deploy.0 = Beta - Debug|x86
		{89599822-4E57-4B65-839F-818657C5D58A}.Beta - Release|Any CPU.ActiveCfg = Beta - Release|Any CPU
		{89599822-4E57-4B65-839F-818657C5D58A}.Beta - Release|Any CPU.Build.0 = Beta - Release|Any CPU
		{89599822-4E57-4B65-839F-818657C5D58A}.Beta - Release|Any CPU.Deploy.0 = Beta - Release|Any CPU
		{89599822-4E57-4B65-839F-818657C5D58A}.Beta - Release|ARM.ActiveCfg = Beta - Release|ARM
		{89599822-4E57-4B65-839F-818657C5D58A}.Beta - Release|ARM.Build.0 = Beta - Release|ARM
		{89599822-4E57-4B65-839F-818657C5D58A}.Beta - Release|ARM.Deploy.0 = Beta - Release|ARM
		{89599822-4E57-4B65-839F-818657C5D58A}.Beta - Release|Mixed Platforms.ActiveCfg = Beta - Release|x86
		{89599822-4E57-4B65-839F-818657C5D58A}.Beta - Release|Mixed Platforms.Build.0 = Beta - Release|x86
		{89599822-4E57-4B65-839F-818657C5D58A}.Beta - Release|Mixed Platforms.Deploy.0 = Beta - Release|x86
		{89599822-4E57-4B65-839F-818657C5D58A}.Beta - Release|Win32.ActiveCfg = Beta - Release|x86
		{89599822-4E57-4B65-839F-818657C5D58A}.Beta - Release|Win32.Build.0 = Beta - Release|x86
		{89599822-4E57-4B65-839F-818657C5D58A}.Beta - Release|Win32.Deploy.0 = Beta - Release|x86
		{89599822-4E57-4B65-839F-818657C5D58A}.Beta - Release|x86.ActiveCfg = Beta - Release|x86
		{89599822-4E57-4B65-839F-818657C5D58A}.Beta - Release|x86.Build.0 = Beta - Release|x86
		{89599822-4E57-4B65-839F-818657C5D58A}.Beta - Release|x86.Deploy.0 = Beta - Release|x86
		{89599822-4E57-4B65-839F-818657C5D58A}.Debug|Any CPU.ActiveCfg = Debug|Any CPU
		{89599822-4E57-4B65-839F-818657C5D58A}.Debug|Any CPU.Build.0 = Debug|Any CPU
		{89599822-4E57-4B65-839F-818657C5D58A}.Debug|Any CPU.Deploy.0 = Debug|Any CPU
		{89599822-4E57-4B65-839F-818657C5D58A}.Debug|ARM.ActiveCfg = Debug|ARM
		{89599822-4E57-4B65-839F-818657C5D58A}.Debug|ARM.Build.0 = Debug|ARM
		{89599822-4E57-4B65-839F-818657C5D58A}.Debug|ARM.Deploy.0 = Debug|ARM
		{89599822-4E57-4B65-839F-818657C5D58A}.Debug|Mixed Platforms.ActiveCfg = Debug|x86
		{89599822-4E57-4B65-839F-818657C5D58A}.Debug|Mixed Platforms.Build.0 = Debug|x86
		{89599822-4E57-4B65-839F-818657C5D58A}.Debug|Mixed Platforms.Deploy.0 = Debug|x86
		{89599822-4E57-4B65-839F-818657C5D58A}.Debug|Win32.ActiveCfg = Debug|x86
		{89599822-4E57-4B65-839F-818657C5D58A}.Debug|Win32.Build.0 = Debug|x86
		{89599822-4E57-4B65-839F-818657C5D58A}.Debug|Win32.Deploy.0 = Debug|x86
		{89599822-4E57-4B65-839F-818657C5D58A}.Debug|x86.ActiveCfg = Debug|x86
		{89599822-4E57-4B65-839F-818657C5D58A}.Debug|x86.Build.0 = Debug|x86
		{89599822-4E57-4B65-839F-818657C5D58A}.Debug|x86.Deploy.0 = Debug|x86
		{89599822-4E57-4B65-839F-818657C5D58A}.Release|Any CPU.ActiveCfg = Release|Any CPU
		{89599822-4E57-4B65-839F-818657C5D58A}.Release|Any CPU.Build.0 = Release|Any CPU
		{89599822-4E57-4B65-839F-818657C5D58A}.Release|Any CPU.Deploy.0 = Release|Any CPU
		{89599822-4E57-4B65-839F-818657C5D58A}.Release|ARM.ActiveCfg = Release|ARM
		{89599822-4E57-4B65-839F-818657C5D58A}.Release|ARM.Build.0 = Release|ARM
		{89599822-4E57-4B65-839F-818657C5D58A}.Release|ARM.Deploy.0 = Release|ARM
		{89599822-4E57-4B65-839F-818657C5D58A}.Release|Mixed Platforms.ActiveCfg = Release|x86
		{89599822-4E57-4B65-839F-818657C5D58A}.Release|Mixed Platforms.Build.0 = Release|x86
		{89599822-4E57-4B65-839F-818657C5D58A}.Release|Mixed Platforms.Deploy.0 = Release|x86
		{89599822-4E57-4B65-839F-818657C5D58A}.Release|Win32.ActiveCfg = Release|x86
		{89599822-4E57-4B65-839F-818657C5D58A}.Release|Win32.Build.0 = Release|x86
		{89599822-4E57-4B65-839F-818657C5D58A}.Release|Win32.Deploy.0 = Release|x86
		{89599822-4E57-4B65-839F-818657C5D58A}.Release|x86.ActiveCfg = Release|x86
		{89599822-4E57-4B65-839F-818657C5D58A}.Release|x86.Build.0 = Release|x86
		{89599822-4E57-4B65-839F-818657C5D58A}.Release|x86.Deploy.0 = Release|x86
		{C1D10216-9018-4D09-96BC-C4BC45A47893}.Beta - Debug|Any CPU.ActiveCfg = Debug|Any CPU
		{C1D10216-9018-4D09-96BC-C4BC45A47893}.Beta - Debug|Any CPU.Build.0 = Debug|Any CPU
		{C1D10216-9018-4D09-96BC-C4BC45A47893}.Beta - Debug|ARM.ActiveCfg = Debug|ARM
		{C1D10216-9018-4D09-96BC-C4BC45A47893}.Beta - Debug|ARM.Build.0 = Debug|ARM
		{C1D10216-9018-4D09-96BC-C4BC45A47893}.Beta - Debug|Mixed Platforms.ActiveCfg = Debug|x86
		{C1D10216-9018-4D09-96BC-C4BC45A47893}.Beta - Debug|Mixed Platforms.Build.0 = Debug|x86
		{C1D10216-9018-4D09-96BC-C4BC45A47893}.Beta - Debug|Win32.ActiveCfg = Debug|x86
		{C1D10216-9018-4D09-96BC-C4BC45A47893}.Beta - Debug|Win32.Build.0 = Debug|x86
		{C1D10216-9018-4D09-96BC-C4BC45A47893}.Beta - Debug|x86.ActiveCfg = Debug|x86
		{C1D10216-9018-4D09-96BC-C4BC45A47893}.Beta - Debug|x86.Build.0 = Debug|x86
		{C1D10216-9018-4D09-96BC-C4BC45A47893}.Beta - Release|Any CPU.ActiveCfg = Release|Any CPU
		{C1D10216-9018-4D09-96BC-C4BC45A47893}.Beta - Release|Any CPU.Build.0 = Release|Any CPU
		{C1D10216-9018-4D09-96BC-C4BC45A47893}.Beta - Release|ARM.ActiveCfg = Release|ARM
		{C1D10216-9018-4D09-96BC-C4BC45A47893}.Beta - Release|ARM.Build.0 = Release|ARM
		{C1D10216-9018-4D09-96BC-C4BC45A47893}.Beta - Release|Mixed Platforms.ActiveCfg = Release|x86
		{C1D10216-9018-4D09-96BC-C4BC45A47893}.Beta - Release|Mixed Platforms.Build.0 = Release|x86
		{C1D10216-9018-4D09-96BC-C4BC45A47893}.Beta - Release|Win32.ActiveCfg = Release|x86
		{C1D10216-9018-4D09-96BC-C4BC45A47893}.Beta - Release|Win32.Build.0 = Release|x86
		{C1D10216-9018-4D09-96BC-C4BC45A47893}.Beta - Release|x86.ActiveCfg = Release|x86
		{C1D10216-9018-4D09-96BC-C4BC45A47893}.Beta - Release|x86.Build.0 = Release|x86
		{C1D10216-9018-4D09-96BC-C4BC45A47893}.Debug|Any CPU.ActiveCfg = Debug|Any CPU
		{C1D10216-9018-4D09-96BC-C4BC45A47893}.Debug|Any CPU.Build.0 = Debug|Any CPU
		{C1D10216-9018-4D09-96BC-C4BC45A47893}.Debug|ARM.ActiveCfg = Debug|Any CPU
		{C1D10216-9018-4D09-96BC-C4BC45A47893}.Debug|ARM.Build.0 = Debug|Any CPU
		{C1D10216-9018-4D09-96BC-C4BC45A47893}.Debug|Mixed Platforms.ActiveCfg = Debug|x86
		{C1D10216-9018-4D09-96BC-C4BC45A47893}.Debug|Mixed Platforms.Build.0 = Debug|x86
		{C1D10216-9018-4D09-96BC-C4BC45A47893}.Debug|Win32.ActiveCfg = Debug|x86
		{C1D10216-9018-4D09-96BC-C4BC45A47893}.Debug|Win32.Build.0 = Debug|x86
		{C1D10216-9018-4D09-96BC-C4BC45A47893}.Debug|x86.ActiveCfg = Debug|Any CPU
		{C1D10216-9018-4D09-96BC-C4BC45A47893}.Release|Any CPU.ActiveCfg = Release|Any CPU
		{C1D10216-9018-4D09-96BC-C4BC45A47893}.Release|Any CPU.Build.0 = Release|Any CPU
		{C1D10216-9018-4D09-96BC-C4BC45A47893}.Release|ARM.ActiveCfg = Release|ARM
		{C1D10216-9018-4D09-96BC-C4BC45A47893}.Release|ARM.Build.0 = Release|ARM
		{C1D10216-9018-4D09-96BC-C4BC45A47893}.Release|Mixed Platforms.ActiveCfg = Release|x86
		{C1D10216-9018-4D09-96BC-C4BC45A47893}.Release|Mixed Platforms.Build.0 = Release|x86
		{C1D10216-9018-4D09-96BC-C4BC45A47893}.Release|Win32.ActiveCfg = Release|x86
		{C1D10216-9018-4D09-96BC-C4BC45A47893}.Release|Win32.Build.0 = Release|x86
		{C1D10216-9018-4D09-96BC-C4BC45A47893}.Release|x86.ActiveCfg = Release|Any CPU
		{352B2BED-05F9-4E1E-AD9F-DD4BA400A659}.Beta - Debug|Any CPU.ActiveCfg = Debug|Any CPU
		{352B2BED-05F9-4E1E-AD9F-DD4BA400A659}.Beta - Debug|Any CPU.Build.0 = Debug|Any CPU
		{352B2BED-05F9-4E1E-AD9F-DD4BA400A659}.Beta - Debug|ARM.ActiveCfg = Debug|ARM
		{352B2BED-05F9-4E1E-AD9F-DD4BA400A659}.Beta - Debug|ARM.Build.0 = Debug|ARM
		{352B2BED-05F9-4E1E-AD9F-DD4BA400A659}.Beta - Debug|Mixed Platforms.ActiveCfg = Debug|x86
		{352B2BED-05F9-4E1E-AD9F-DD4BA400A659}.Beta - Debug|Mixed Platforms.Build.0 = Debug|x86
		{352B2BED-05F9-4E1E-AD9F-DD4BA400A659}.Beta - Debug|Win32.ActiveCfg = Debug|x86
		{352B2BED-05F9-4E1E-AD9F-DD4BA400A659}.Beta - Debug|Win32.Build.0 = Debug|x86
		{352B2BED-05F9-4E1E-AD9F-DD4BA400A659}.Beta - Debug|x86.ActiveCfg = Debug|x86
		{352B2BED-05F9-4E1E-AD9F-DD4BA400A659}.Beta - Debug|x86.Build.0 = Debug|x86
		{352B2BED-05F9-4E1E-AD9F-DD4BA400A659}.Beta - Release|Any CPU.ActiveCfg = Release|Any CPU
		{352B2BED-05F9-4E1E-AD9F-DD4BA400A659}.Beta - Release|Any CPU.Build.0 = Release|Any CPU
		{352B2BED-05F9-4E1E-AD9F-DD4BA400A659}.Beta - Release|ARM.ActiveCfg = Release|ARM
		{352B2BED-05F9-4E1E-AD9F-DD4BA400A659}.Beta - Release|ARM.Build.0 = Release|ARM
		{352B2BED-05F9-4E1E-AD9F-DD4BA400A659}.Beta - Release|Mixed Platforms.ActiveCfg = Release|x86
		{352B2BED-05F9-4E1E-AD9F-DD4BA400A659}.Beta - Release|Mixed Platforms.Build.0 = Release|x86
		{352B2BED-05F9-4E1E-AD9F-DD4BA400A659}.Beta - Release|Win32.ActiveCfg = Release|x86
		{352B2BED-05F9-4E1E-AD9F-DD4BA400A659}.Beta - Release|Win32.Build.0 = Release|x86
		{352B2BED-05F9-4E1E-AD9F-DD4BA400A659}.Beta - Release|x86.ActiveCfg = Release|x86
		{352B2BED-05F9-4E1E-AD9F-DD4BA400A659}.Beta - Release|x86.Build.0 = Release|x86
		{352B2BED-05F9-4E1E-AD9F-DD4BA400A659}.Debug|Any CPU.ActiveCfg = Debug|Any CPU
		{352B2BED-05F9-4E1E-AD9F-DD4BA400A659}.Debug|Any CPU.Build.0 = Debug|Any CPU
		{352B2BED-05F9-4E1E-AD9F-DD4BA400A659}.Debug|ARM.ActiveCfg = Debug|Any CPU
		{352B2BED-05F9-4E1E-AD9F-DD4BA400A659}.Debug|ARM.Build.0 = Debug|Any CPU
		{352B2BED-05F9-4E1E-AD9F-DD4BA400A659}.Debug|Mixed Platforms.ActiveCfg = Debug|x86
		{352B2BED-05F9-4E1E-AD9F-DD4BA400A659}.Debug|Mixed Platforms.Build.0 = Debug|x86
		{352B2BED-05F9-4E1E-AD9F-DD4BA400A659}.Debug|Win32.ActiveCfg = Debug|x86
		{352B2BED-05F9-4E1E-AD9F-DD4BA400A659}.Debug|Win32.Build.0 = Debug|x86
		{352B2BED-05F9-4E1E-AD9F-DD4BA400A659}.Debug|x86.ActiveCfg = Debug|Any CPU
		{352B2BED-05F9-4E1E-AD9F-DD4BA400A659}.Release|Any CPU.ActiveCfg = Release|Any CPU
		{352B2BED-05F9-4E1E-AD9F-DD4BA400A659}.Release|Any CPU.Build.0 = Release|Any CPU
		{352B2BED-05F9-4E1E-AD9F-DD4BA400A659}.Release|ARM.ActiveCfg = Release|ARM
		{352B2BED-05F9-4E1E-AD9F-DD4BA400A659}.Release|ARM.Build.0 = Release|ARM
		{352B2BED-05F9-4E1E-AD9F-DD4BA400A659}.Release|Mixed Platforms.ActiveCfg = Release|x86
		{352B2BED-05F9-4E1E-AD9F-DD4BA400A659}.Release|Mixed Platforms.Build.0 = Release|x86
		{352B2BED-05F9-4E1E-AD9F-DD4BA400A659}.Release|Win32.ActiveCfg = Release|x86
		{352B2BED-05F9-4E1E-AD9F-DD4BA400A659}.Release|Win32.Build.0 = Release|x86
		{352B2BED-05F9-4E1E-AD9F-DD4BA400A659}.Release|x86.ActiveCfg = Release|Any CPU
		{30E47658-E0CF-4BF0-B681-1047D832A778}.Beta - Debug|Any CPU.ActiveCfg = Debug|Any CPU
		{30E47658-E0CF-4BF0-B681-1047D832A778}.Beta - Debug|Any CPU.Build.0 = Debug|Any CPU
		{30E47658-E0CF-4BF0-B681-1047D832A778}.Beta - Debug|ARM.ActiveCfg = Debug|ARM
		{30E47658-E0CF-4BF0-B681-1047D832A778}.Beta - Debug|ARM.Build.0 = Debug|ARM
		{30E47658-E0CF-4BF0-B681-1047D832A778}.Beta - Debug|Mixed Platforms.ActiveCfg = Debug|x86
		{30E47658-E0CF-4BF0-B681-1047D832A778}.Beta - Debug|Mixed Platforms.Build.0 = Debug|x86
		{30E47658-E0CF-4BF0-B681-1047D832A778}.Beta - Debug|Win32.ActiveCfg = Debug|x86
		{30E47658-E0CF-4BF0-B681-1047D832A778}.Beta - Debug|Win32.Build.0 = Debug|x86
		{30E47658-E0CF-4BF0-B681-1047D832A778}.Beta - Debug|x86.ActiveCfg = Debug|x86
		{30E47658-E0CF-4BF0-B681-1047D832A778}.Beta - Debug|x86.Build.0 = Debug|x86
		{30E47658-E0CF-4BF0-B681-1047D832A778}.Beta - Release|Any CPU.ActiveCfg = Release|Any CPU
		{30E47658-E0CF-4BF0-B681-1047D832A778}.Beta - Release|Any CPU.Build.0 = Release|Any CPU
		{30E47658-E0CF-4BF0-B681-1047D832A778}.Beta - Release|ARM.ActiveCfg = Release|ARM
		{30E47658-E0CF-4BF0-B681-1047D832A778}.Beta - Release|ARM.Build.0 = Release|ARM
		{30E47658-E0CF-4BF0-B681-1047D832A778}.Beta - Release|Mixed Platforms.ActiveCfg = Release|x86
		{30E47658-E0CF-4BF0-B681-1047D832A778}.Beta - Release|Mixed Platforms.Build.0 = Release|x86
		{30E47658-E0CF-4BF0-B681-1047D832A778}.Beta - Release|Win32.ActiveCfg = Release|x86
		{30E47658-E0CF-4BF0-B681-1047D832A778}.Beta - Release|Win32.Build.0 = Release|x86
		{30E47658-E0CF-4BF0-B681-1047D832A778}.Beta - Release|x86.ActiveCfg = Release|x86
		{30E47658-E0CF-4BF0-B681-1047D832A778}.Beta - Release|x86.Build.0 = Release|x86
		{30E47658-E0CF-4BF0-B681-1047D832A778}.Debug|Any CPU.ActiveCfg = Debug|Any CPU
		{30E47658-E0CF-4BF0-B681-1047D832A778}.Debug|Any CPU.Build.0 = Debug|Any CPU
		{30E47658-E0CF-4BF0-B681-1047D832A778}.Debug|ARM.ActiveCfg = Debug|Any CPU
		{30E47658-E0CF-4BF0-B681-1047D832A778}.Debug|ARM.Build.0 = Debug|Any CPU
		{30E47658-E0CF-4BF0-B681-1047D832A778}.Debug|Mixed Platforms.ActiveCfg = Debug|x86
		{30E47658-E0CF-4BF0-B681-1047D832A778}.Debug|Mixed Platforms.Build.0 = Debug|x86
		{30E47658-E0CF-4BF0-B681-1047D832A778}.Debug|Win32.ActiveCfg = Debug|x86
		{30E47658-E0CF-4BF0-B681-1047D832A778}.Debug|Win32.Build.0 = Debug|x86
		{30E47658-E0CF-4BF0-B681-1047D832A778}.Debug|x86.ActiveCfg = Debug|Any CPU
		{30E47658-E0CF-4BF0-B681-1047D832A778}.Release|Any CPU.ActiveCfg = Release|Any CPU
		{30E47658-E0CF-4BF0-B681-1047D832A778}.Release|Any CPU.Build.0 = Release|Any CPU
		{30E47658-E0CF-4BF0-B681-1047D832A778}.Release|ARM.ActiveCfg = Release|ARM
		{30E47658-E0CF-4BF0-B681-1047D832A778}.Release|ARM.Build.0 = Release|ARM
		{30E47658-E0CF-4BF0-B681-1047D832A778}.Release|Mixed Platforms.ActiveCfg = Release|x86
		{30E47658-E0CF-4BF0-B681-1047D832A778}.Release|Mixed Platforms.Build.0 = Release|x86
		{30E47658-E0CF-4BF0-B681-1047D832A778}.Release|Win32.ActiveCfg = Release|x86
		{30E47658-E0CF-4BF0-B681-1047D832A778}.Release|Win32.Build.0 = Release|x86
		{30E47658-E0CF-4BF0-B681-1047D832A778}.Release|x86.ActiveCfg = Release|Any CPU
		{3B6205C6-9B65-48AC-B3A9-FEE65879C660}.Beta - Debug|Any CPU.ActiveCfg = Debug|Any CPU
		{3B6205C6-9B65-48AC-B3A9-FEE65879C660}.Beta - Debug|Any CPU.Build.0 = Debug|Any CPU
		{3B6205C6-9B65-48AC-B3A9-FEE65879C660}.Beta - Debug|ARM.ActiveCfg = Debug|ARM
		{3B6205C6-9B65-48AC-B3A9-FEE65879C660}.Beta - Debug|ARM.Build.0 = Debug|ARM
		{3B6205C6-9B65-48AC-B3A9-FEE65879C660}.Beta - Debug|Mixed Platforms.ActiveCfg = Debug|x86
		{3B6205C6-9B65-48AC-B3A9-FEE65879C660}.Beta - Debug|Mixed Platforms.Build.0 = Debug|x86
		{3B6205C6-9B65-48AC-B3A9-FEE65879C660}.Beta - Debug|Win32.ActiveCfg = Debug|x86
		{3B6205C6-9B65-48AC-B3A9-FEE65879C660}.Beta - Debug|Win32.Build.0 = Debug|x86
		{3B6205C6-9B65-48AC-B3A9-FEE65879C660}.Beta - Debug|x86.ActiveCfg = Debug|x86
		{3B6205C6-9B65-48AC-B3A9-FEE65879C660}.Beta - Debug|x86.Build.0 = Debug|x86
		{3B6205C6-9B65-48AC-B3A9-FEE65879C660}.Beta - Release|Any CPU.ActiveCfg = Release|Any CPU
		{3B6205C6-9B65-48AC-B3A9-FEE65879C660}.Beta - Release|Any CPU.Build.0 = Release|Any CPU
		{3B6205C6-9B65-48AC-B3A9-FEE65879C660}.Beta - Release|ARM.ActiveCfg = Release|ARM
		{3B6205C6-9B65-48AC-B3A9-FEE65879C660}.Beta - Release|ARM.Build.0 = Release|ARM
		{3B6205C6-9B65-48AC-B3A9-FEE65879C660}.Beta - Release|Mixed Platforms.ActiveCfg = Release|x86
		{3B6205C6-9B65-48AC-B3A9-FEE65879C660}.Beta - Release|Mixed Platforms.Build.0 = Release|x86
		{3B6205C6-9B65-48AC-B3A9-FEE65879C660}.Beta - Release|Win32.ActiveCfg = Release|x86
		{3B6205C6-9B65-48AC-B3A9-FEE65879C660}.Beta - Release|Win32.Build.0 = Release|x86
		{3B6205C6-9B65-48AC-B3A9-FEE65879C660}.Beta - Release|x86.ActiveCfg = Release|x86
		{3B6205C6-9B65-48AC-B3A9-FEE65879C660}.Beta - Release|x86.Build.0 = Release|x86
		{3B6205C6-9B65-48AC-B3A9-FEE65879C660}.Debug|Any CPU.ActiveCfg = Debug|Any CPU
		{3B6205C6-9B65-48AC-B3A9-FEE65879C660}.Debug|Any CPU.Build.0 = Debug|Any CPU
		{3B6205C6-9B65-48AC-B3A9-FEE65879C660}.Debug|ARM.ActiveCfg = Debug|ARM
		{3B6205C6-9B65-48AC-B3A9-FEE65879C660}.Debug|ARM.Build.0 = Debug|ARM
		{3B6205C6-9B65-48AC-B3A9-FEE65879C660}.Debug|Mixed Platforms.ActiveCfg = Debug|x86
		{3B6205C6-9B65-48AC-B3A9-FEE65879C660}.Debug|Mixed Platforms.Build.0 = Debug|x86
		{3B6205C6-9B65-48AC-B3A9-FEE65879C660}.Debug|Win32.ActiveCfg = Debug|x86
		{3B6205C6-9B65-48AC-B3A9-FEE65879C660}.Debug|Win32.Build.0 = Debug|x86
		{3B6205C6-9B65-48AC-B3A9-FEE65879C660}.Debug|x86.ActiveCfg = Debug|Any CPU
		{3B6205C6-9B65-48AC-B3A9-FEE65879C660}.Release|Any CPU.ActiveCfg = Release|Any CPU
		{3B6205C6-9B65-48AC-B3A9-FEE65879C660}.Release|Any CPU.Build.0 = Release|Any CPU
		{3B6205C6-9B65-48AC-B3A9-FEE65879C660}.Release|ARM.ActiveCfg = Release|ARM
		{3B6205C6-9B65-48AC-B3A9-FEE65879C660}.Release|ARM.Build.0 = Release|ARM
		{3B6205C6-9B65-48AC-B3A9-FEE65879C660}.Release|Mixed Platforms.ActiveCfg = Release|x86
		{3B6205C6-9B65-48AC-B3A9-FEE65879C660}.Release|Mixed Platforms.Build.0 = Release|x86
		{3B6205C6-9B65-48AC-B3A9-FEE65879C660}.Release|Win32.ActiveCfg = Release|x86
		{3B6205C6-9B65-48AC-B3A9-FEE65879C660}.Release|Win32.Build.0 = Release|x86
		{3B6205C6-9B65-48AC-B3A9-FEE65879C660}.Release|x86.ActiveCfg = Release|Any CPU
		{367808C3-1CEA-4F39-9C78-F9031D636951}.Beta - Debug|Any CPU.ActiveCfg = Debug|Any CPU
		{367808C3-1CEA-4F39-9C78-F9031D636951}.Beta - Debug|Any CPU.Build.0 = Debug|Any CPU
		{367808C3-1CEA-4F39-9C78-F9031D636951}.Beta - Debug|ARM.ActiveCfg = Debug|ARM
		{367808C3-1CEA-4F39-9C78-F9031D636951}.Beta - Debug|ARM.Build.0 = Debug|ARM
		{367808C3-1CEA-4F39-9C78-F9031D636951}.Beta - Debug|Mixed Platforms.ActiveCfg = Debug|x86
		{367808C3-1CEA-4F39-9C78-F9031D636951}.Beta - Debug|Mixed Platforms.Build.0 = Debug|x86
		{367808C3-1CEA-4F39-9C78-F9031D636951}.Beta - Debug|Win32.ActiveCfg = Debug|x86
		{367808C3-1CEA-4F39-9C78-F9031D636951}.Beta - Debug|Win32.Build.0 = Debug|x86
		{367808C3-1CEA-4F39-9C78-F9031D636951}.Beta - Debug|x86.ActiveCfg = Debug|x86
		{367808C3-1CEA-4F39-9C78-F9031D636951}.Beta - Debug|x86.Build.0 = Debug|x86
		{367808C3-1CEA-4F39-9C78-F9031D636951}.Beta - Release|Any CPU.ActiveCfg = Release|Any CPU
		{367808C3-1CEA-4F39-9C78-F9031D636951}.Beta - Release|Any CPU.Build.0 = Release|Any CPU
		{367808C3-1CEA-4F39-9C78-F9031D636951}.Beta - Release|ARM.ActiveCfg = Release|ARM
		{367808C3-1CEA-4F39-9C78-F9031D636951}.Beta - Release|ARM.Build.0 = Release|ARM
		{367808C3-1CEA-4F39-9C78-F9031D636951}.Beta - Release|Mixed Platforms.ActiveCfg = Release|x86
		{367808C3-1CEA-4F39-9C78-F9031D636951}.Beta - Release|Mixed Platforms.Build.0 = Release|x86
		{367808C3-1CEA-4F39-9C78-F9031D636951}.Beta - Release|Win32.ActiveCfg = Release|x86
		{367808C3-1CEA-4F39-9C78-F9031D636951}.Beta - Release|Win32.Build.0 = Release|x86
		{367808C3-1CEA-4F39-9C78-F9031D636951}.Beta - Release|x86.ActiveCfg = Release|x86
		{367808C3-1CEA-4F39-9C78-F9031D636951}.Beta - Release|x86.Build.0 = Release|x86
		{367808C3-1CEA-4F39-9C78-F9031D636951}.Debug|Any CPU.ActiveCfg = Debug|Any CPU
		{367808C3-1CEA-4F39-9C78-F9031D636951}.Debug|Any CPU.Build.0 = Debug|Any CPU
		{367808C3-1CEA-4F39-9C78-F9031D636951}.Debug|ARM.ActiveCfg = Debug|Any CPU
		{367808C3-1CEA-4F39-9C78-F9031D636951}.Debug|ARM.Build.0 = Debug|Any CPU
		{367808C3-1CEA-4F39-9C78-F9031D636951}.Debug|Mixed Platforms.ActiveCfg = Debug|x86
		{367808C3-1CEA-4F39-9C78-F9031D636951}.Debug|Mixed Platforms.Build.0 = Debug|x86
		{367808C3-1CEA-4F39-9C78-F9031D636951}.Debug|Win32.ActiveCfg = Debug|x86
		{367808C3-1CEA-4F39-9C78-F9031D636951}.Debug|Win32.Build.0 = Debug|x86
		{367808C3-1CEA-4F39-9C78-F9031D636951}.Debug|x86.ActiveCfg = Debug|x86
		{367808C3-1CEA-4F39-9C78-F9031D636951}.Debug|x86.Build.0 = Debug|x86
		{367808C3-1CEA-4F39-9C78-F9031D636951}.Release|Any CPU.ActiveCfg = Release|Any CPU
		{367808C3-1CEA-4F39-9C78-F9031D636951}.Release|Any CPU.Build.0 = Release|Any CPU
		{367808C3-1CEA-4F39-9C78-F9031D636951}.Release|ARM.ActiveCfg = Release|ARM
		{367808C3-1CEA-4F39-9C78-F9031D636951}.Release|ARM.Build.0 = Release|ARM
		{367808C3-1CEA-4F39-9C78-F9031D636951}.Release|Mixed Platforms.ActiveCfg = Release|x86
		{367808C3-1CEA-4F39-9C78-F9031D636951}.Release|Mixed Platforms.Build.0 = Release|x86
		{367808C3-1CEA-4F39-9C78-F9031D636951}.Release|Win32.ActiveCfg = Release|x86
		{367808C3-1CEA-4F39-9C78-F9031D636951}.Release|Win32.Build.0 = Release|x86
		{367808C3-1CEA-4F39-9C78-F9031D636951}.Release|x86.ActiveCfg = Release|x86
		{367808C3-1CEA-4F39-9C78-F9031D636951}.Release|x86.Build.0 = Release|x86
		{6D7DB420-7854-4A84-A6BE-7B2188E2BD4D}.Beta - Debug|Any CPU.ActiveCfg = Debug|Any CPU
		{6D7DB420-7854-4A84-A6BE-7B2188E2BD4D}.Beta - Debug|Any CPU.Build.0 = Debug|Any CPU
		{6D7DB420-7854-4A84-A6BE-7B2188E2BD4D}.Beta - Debug|ARM.ActiveCfg = Debug|ARM
		{6D7DB420-7854-4A84-A6BE-7B2188E2BD4D}.Beta - Debug|ARM.Build.0 = Debug|ARM
		{6D7DB420-7854-4A84-A6BE-7B2188E2BD4D}.Beta - Debug|Mixed Platforms.ActiveCfg = Debug|x86
		{6D7DB420-7854-4A84-A6BE-7B2188E2BD4D}.Beta - Debug|Mixed Platforms.Build.0 = Debug|x86
		{6D7DB420-7854-4A84-A6BE-7B2188E2BD4D}.Beta - Debug|Win32.ActiveCfg = Debug|x86
		{6D7DB420-7854-4A84-A6BE-7B2188E2BD4D}.Beta - Debug|Win32.Build.0 = Debug|x86
		{6D7DB420-7854-4A84-A6BE-7B2188E2BD4D}.Beta - Debug|x86.ActiveCfg = Debug|x86
		{6D7DB420-7854-4A84-A6BE-7B2188E2BD4D}.Beta - Debug|x86.Build.0 = Debug|x86
		{6D7DB420-7854-4A84-A6BE-7B2188E2BD4D}.Beta - Release|Any CPU.ActiveCfg = Release|Any CPU
		{6D7DB420-7854-4A84-A6BE-7B2188E2BD4D}.Beta - Release|Any CPU.Build.0 = Release|Any CPU
		{6D7DB420-7854-4A84-A6BE-7B2188E2BD4D}.Beta - Release|ARM.ActiveCfg = Release|ARM
		{6D7DB420-7854-4A84-A6BE-7B2188E2BD4D}.Beta - Release|ARM.Build.0 = Release|ARM
		{6D7DB420-7854-4A84-A6BE-7B2188E2BD4D}.Beta - Release|Mixed Platforms.ActiveCfg = Release|x86
		{6D7DB420-7854-4A84-A6BE-7B2188E2BD4D}.Beta - Release|Mixed Platforms.Build.0 = Release|x86
		{6D7DB420-7854-4A84-A6BE-7B2188E2BD4D}.Beta - Release|Win32.ActiveCfg = Release|x86
		{6D7DB420-7854-4A84-A6BE-7B2188E2BD4D}.Beta - Release|Win32.Build.0 = Release|x86
		{6D7DB420-7854-4A84-A6BE-7B2188E2BD4D}.Beta - Release|x86.ActiveCfg = Release|x86
		{6D7DB420-7854-4A84-A6BE-7B2188E2BD4D}.Beta - Release|x86.Build.0 = Release|x86
		{6D7DB420-7854-4A84-A6BE-7B2188E2BD4D}.Debug|Any CPU.ActiveCfg = Debug|Any CPU
		{6D7DB420-7854-4A84-A6BE-7B2188E2BD4D}.Debug|Any CPU.Build.0 = Debug|Any CPU
		{6D7DB420-7854-4A84-A6BE-7B2188E2BD4D}.Debug|ARM.ActiveCfg = Debug|Any CPU
		{6D7DB420-7854-4A84-A6BE-7B2188E2BD4D}.Debug|ARM.Build.0 = Debug|Any CPU
		{6D7DB420-7854-4A84-A6BE-7B2188E2BD4D}.Debug|Mixed Platforms.ActiveCfg = Debug|x86
		{6D7DB420-7854-4A84-A6BE-7B2188E2BD4D}.Debug|Mixed Platforms.Build.0 = Debug|x86
		{6D7DB420-7854-4A84-A6BE-7B2188E2BD4D}.Debug|Win32.ActiveCfg = Debug|x86
		{6D7DB420-7854-4A84-A6BE-7B2188E2BD4D}.Debug|Win32.Build.0 = Debug|x86
		{6D7DB420-7854-4A84-A6BE-7B2188E2BD4D}.Debug|x86.ActiveCfg = Debug|x86
		{6D7DB420-7854-4A84-A6BE-7B2188E2BD4D}.Debug|x86.Build.0 = Debug|x86
		{6D7DB420-7854-4A84-A6BE-7B2188E2BD4D}.Release|Any CPU.ActiveCfg = Release|Any CPU
		{6D7DB420-7854-4A84-A6BE-7B2188E2BD4D}.Release|Any CPU.Build.0 = Release|Any CPU
		{6D7DB420-7854-4A84-A6BE-7B2188E2BD4D}.Release|ARM.ActiveCfg = Release|ARM
		{6D7DB420-7854-4A84-A6BE-7B2188E2BD4D}.Release|ARM.Build.0 = Release|ARM
		{6D7DB420-7854-4A84-A6BE-7B2188E2BD4D}.Release|Mixed Platforms.ActiveCfg = Release|x86
		{6D7DB420-7854-4A84-A6BE-7B2188E2BD4D}.Release|Mixed Platforms.Build.0 = Release|x86
		{6D7DB420-7854-4A84-A6BE-7B2188E2BD4D}.Release|Win32.ActiveCfg = Release|x86
		{6D7DB420-7854-4A84-A6BE-7B2188E2BD4D}.Release|Win32.Build.0 = Release|x86
		{6D7DB420-7854-4A84-A6BE-7B2188E2BD4D}.Release|x86.ActiveCfg = Release|x86
		{6D7DB420-7854-4A84-A6BE-7B2188E2BD4D}.Release|x86.Build.0 = Release|x86
		{6C6331B9-2C24-4456-B25A-6F0DF6A0DF7A}.Beta - Debug|Any CPU.ActiveCfg = Debug|Win32
		{6C6331B9-2C24-4456-B25A-6F0DF6A0DF7A}.Beta - Debug|ARM.ActiveCfg = Debug|ARM
		{6C6331B9-2C24-4456-B25A-6F0DF6A0DF7A}.Beta - Debug|ARM.Build.0 = Debug|ARM
		{6C6331B9-2C24-4456-B25A-6F0DF6A0DF7A}.Beta - Debug|Mixed Platforms.ActiveCfg = Debug|Win32
		{6C6331B9-2C24-4456-B25A-6F0DF6A0DF7A}.Beta - Debug|Mixed Platforms.Build.0 = Debug|Win32
		{6C6331B9-2C24-4456-B25A-6F0DF6A0DF7A}.Beta - Debug|Win32.ActiveCfg = Debug|Win32
		{6C6331B9-2C24-4456-B25A-6F0DF6A0DF7A}.Beta - Debug|Win32.Build.0 = Debug|Win32
		{6C6331B9-2C24-4456-B25A-6F0DF6A0DF7A}.Beta - Debug|x86.ActiveCfg = Debug|Win32
		{6C6331B9-2C24-4456-B25A-6F0DF6A0DF7A}.Beta - Debug|x86.Build.0 = Debug|Win32
		{6C6331B9-2C24-4456-B25A-6F0DF6A0DF7A}.Beta - Release|Any CPU.ActiveCfg = Release|Win32
		{6C6331B9-2C24-4456-B25A-6F0DF6A0DF7A}.Beta - Release|ARM.ActiveCfg = Release|ARM
		{6C6331B9-2C24-4456-B25A-6F0DF6A0DF7A}.Beta - Release|ARM.Build.0 = Release|ARM
		{6C6331B9-2C24-4456-B25A-6F0DF6A0DF7A}.Beta - Release|Mixed Platforms.ActiveCfg = Release|Win32
		{6C6331B9-2C24-4456-B25A-6F0DF6A0DF7A}.Beta - Release|Mixed Platforms.Build.0 = Release|Win32
		{6C6331B9-2C24-4456-B25A-6F0DF6A0DF7A}.Beta - Release|Win32.ActiveCfg = Release|Win32
		{6C6331B9-2C24-4456-B25A-6F0DF6A0DF7A}.Beta - Release|Win32.Build.0 = Release|Win32
		{6C6331B9-2C24-4456-B25A-6F0DF6A0DF7A}.Beta - Release|x86.ActiveCfg = Release|Win32
		{6C6331B9-2C24-4456-B25A-6F0DF6A0DF7A}.Beta - Release|x86.Build.0 = Release|Win32
		{6C6331B9-2C24-4456-B25A-6F0DF6A0DF7A}.Debug|Any CPU.ActiveCfg = Debug|Win32
		{6C6331B9-2C24-4456-B25A-6F0DF6A0DF7A}.Debug|ARM.ActiveCfg = Debug|ARM
		{6C6331B9-2C24-4456-B25A-6F0DF6A0DF7A}.Debug|ARM.Build.0 = Debug|ARM
		{6C6331B9-2C24-4456-B25A-6F0DF6A0DF7A}.Debug|Mixed Platforms.ActiveCfg = Debug|Win32
		{6C6331B9-2C24-4456-B25A-6F0DF6A0DF7A}.Debug|Mixed Platforms.Build.0 = Debug|Win32
		{6C6331B9-2C24-4456-B25A-6F0DF6A0DF7A}.Debug|Win32.ActiveCfg = Debug|Win32
		{6C6331B9-2C24-4456-B25A-6F0DF6A0DF7A}.Debug|Win32.Build.0 = Debug|Win32
		{6C6331B9-2C24-4456-B25A-6F0DF6A0DF7A}.Debug|x86.ActiveCfg = Debug|Win32
		{6C6331B9-2C24-4456-B25A-6F0DF6A0DF7A}.Debug|x86.Build.0 = Debug|Win32
		{6C6331B9-2C24-4456-B25A-6F0DF6A0DF7A}.Release|Any CPU.ActiveCfg = Release|Win32
		{6C6331B9-2C24-4456-B25A-6F0DF6A0DF7A}.Release|Any CPU.Build.0 = Release|Win32
		{6C6331B9-2C24-4456-B25A-6F0DF6A0DF7A}.Release|ARM.ActiveCfg = Release|ARM
		{6C6331B9-2C24-4456-B25A-6F0DF6A0DF7A}.Release|ARM.Build.0 = Release|ARM
		{6C6331B9-2C24-4456-B25A-6F0DF6A0DF7A}.Release|Mixed Platforms.ActiveCfg = Release|Win32
		{6C6331B9-2C24-4456-B25A-6F0DF6A0DF7A}.Release|Mixed Platforms.Build.0 = Release|Win32
		{6C6331B9-2C24-4456-B25A-6F0DF6A0DF7A}.Release|Win32.ActiveCfg = Release|Win32
		{6C6331B9-2C24-4456-B25A-6F0DF6A0DF7A}.Release|Win32.Build.0 = Release|Win32
		{6C6331B9-2C24-4456-B25A-6F0DF6A0DF7A}.Release|x86.ActiveCfg = Release|Win32
		{6C6331B9-2C24-4456-B25A-6F0DF6A0DF7A}.Release|x86.Build.0 = Release|Win32
		{18F31784-2B29-4004-AE0A-5E8CCE74A912}.Beta - Debug|Any CPU.ActiveCfg = Debug|Win32
		{18F31784-2B29-4004-AE0A-5E8CCE74A912}.Beta - Debug|ARM.ActiveCfg = Debug|ARM
		{18F31784-2B29-4004-AE0A-5E8CCE74A912}.Beta - Debug|ARM.Build.0 = Debug|ARM
		{18F31784-2B29-4004-AE0A-5E8CCE74A912}.Beta - Debug|Mixed Platforms.ActiveCfg = Debug|Win32
		{18F31784-2B29-4004-AE0A-5E8CCE74A912}.Beta - Debug|Mixed Platforms.Build.0 = Debug|Win32
		{18F31784-2B29-4004-AE0A-5E8CCE74A912}.Beta - Debug|Win32.ActiveCfg = Debug|Win32
		{18F31784-2B29-4004-AE0A-5E8CCE74A912}.Beta - Debug|Win32.Build.0 = Debug|Win32
		{18F31784-2B29-4004-AE0A-5E8CCE74A912}.Beta - Debug|x86.ActiveCfg = Debug|Win32
		{18F31784-2B29-4004-AE0A-5E8CCE74A912}.Beta - Debug|x86.Build.0 = Debug|Win32
		{18F31784-2B29-4004-AE0A-5E8CCE74A912}.Beta - Release|Any CPU.ActiveCfg = Release|Win32
		{18F31784-2B29-4004-AE0A-5E8CCE74A912}.Beta - Release|ARM.ActiveCfg = Release|ARM
		{18F31784-2B29-4004-AE0A-5E8CCE74A912}.Beta - Release|ARM.Build.0 = Release|ARM
		{18F31784-2B29-4004-AE0A-5E8CCE74A912}.Beta - Release|Mixed Platforms.ActiveCfg = Release|Win32
		{18F31784-2B29-4004-AE0A-5E8CCE74A912}.Beta - Release|Mixed Platforms.Build.0 = Release|Win32
		{18F31784-2B29-4004-AE0A-5E8CCE74A912}.Beta - Release|Win32.ActiveCfg = Release|Win32
		{18F31784-2B29-4004-AE0A-5E8CCE74A912}.Beta - Release|Win32.Build.0 = Release|Win32
		{18F31784-2B29-4004-AE0A-5E8CCE74A912}.Beta - Release|x86.ActiveCfg = Release|Win32
		{18F31784-2B29-4004-AE0A-5E8CCE74A912}.Beta - Release|x86.Build.0 = Release|Win32
		{18F31784-2B29-4004-AE0A-5E8CCE74A912}.Debug|Any CPU.ActiveCfg = Debug|Win32
		{18F31784-2B29-4004-AE0A-5E8CCE74A912}.Debug|ARM.ActiveCfg = Debug|ARM
		{18F31784-2B29-4004-AE0A-5E8CCE74A912}.Debug|ARM.Build.0 = Debug|ARM
		{18F31784-2B29-4004-AE0A-5E8CCE74A912}.Debug|Mixed Platforms.ActiveCfg = Debug|Win32
		{18F31784-2B29-4004-AE0A-5E8CCE74A912}.Debug|Mixed Platforms.Build.0 = Debug|Win32
		{18F31784-2B29-4004-AE0A-5E8CCE74A912}.Debug|Win32.ActiveCfg = Debug|Win32
		{18F31784-2B29-4004-AE0A-5E8CCE74A912}.Debug|Win32.Build.0 = Debug|Win32
		{18F31784-2B29-4004-AE0A-5E8CCE74A912}.Debug|x86.ActiveCfg = Debug|Win32
		{18F31784-2B29-4004-AE0A-5E8CCE74A912}.Debug|x86.Build.0 = Debug|Win32
		{18F31784-2B29-4004-AE0A-5E8CCE74A912}.Release|Any CPU.ActiveCfg = Release|Win32
		{18F31784-2B29-4004-AE0A-5E8CCE74A912}.Release|ARM.ActiveCfg = Release|ARM
		{18F31784-2B29-4004-AE0A-5E8CCE74A912}.Release|ARM.Build.0 = Release|ARM
		{18F31784-2B29-4004-AE0A-5E8CCE74A912}.Release|Mixed Platforms.ActiveCfg = Release|Win32
		{18F31784-2B29-4004-AE0A-5E8CCE74A912}.Release|Mixed Platforms.Build.0 = Release|Win32
		{18F31784-2B29-4004-AE0A-5E8CCE74A912}.Release|Win32.ActiveCfg = Release|Win32
		{18F31784-2B29-4004-AE0A-5E8CCE74A912}.Release|Win32.Build.0 = Release|Win32
		{18F31784-2B29-4004-AE0A-5E8CCE74A912}.Release|x86.ActiveCfg = Release|Win32
		{18F31784-2B29-4004-AE0A-5E8CCE74A912}.Release|x86.Build.0 = Release|Win32
	EndGlobalSection
	GlobalSection(SolutionProperties) = preSolution
		HideSolutionNode = FALSE
	EndGlobalSection
EndGlobal
